
Microsoft Visual Studio Solution File, Format Version 12.00
# Visual Studio Version 17
VisualStudioVersion = 17.5.33516.290
MinimumVisualStudioVersion = 10.0.40219.1
Project("{FAE04EC0-301F-11D3-BF4B-00C04F79EFBC}") = "ApiKeyTest", "ApiKeyTest.csproj", "{300325E4-344A-49E0-B521-7DEE4E3D09C6}"
EndProject
Global
	GlobalSection(SolutionConfigurationPlatforms) = preSolution
		Debug|Any CPU = Debug|Any CPU
		Release|Any CPU = Release|Any CPU
	EndGlobalSection
	GlobalSection(ProjectConfigurationPlatforms) = postSolution
		{300325E4-344A-49E0-B521-7DEE4E3D09C6}.Debug|Any CPU.ActiveCfg = Debug|Any CPU
		{300325E4-344A-49E0-B521-7DEE4E3D09C6}.Debug|Any CPU.Build.0 = Debug|Any CPU
		{300325E4-344A-49E0-B521-7DEE4E3D09C6}.Release|Any CPU.ActiveCfg = Release|Any CPU
		{300325E4-344A-49E0-B521-7DEE4E3D09C6}.Release|Any CPU.Build.0 = Release|Any CPU
	EndGlobalSection
	GlobalSection(SolutionProperties) = preSolution
		HideSolutionNode = FALSE
	EndGlobalSection
	GlobalSection(ExtensibilityGlobals) = postSolution
		SolutionGuid = {E862FE58-7DD1-4EFD-B0D6-21677EB4CF6C}
	EndGlobalSection
EndGlobal
